// !$*UTF8*$!
{
	archiveVersion = 1;
	classes = {
	};
	objectVersion = 55;
	objects = {

/* Begin PBXBuildFile section */
		B433612DA4C35A9F0252E02B /* Pods_Roommatch_RoommatchUITests.framework in Frameworks */ = {isa = PBXBuildFile; fileRef = 5BD518219B7867E4958AB038 /* Pods_Roommatch_RoommatchUITests.framework */; };
		BAA8661335580629BCC8B0AB /* Pods_RoommatchTests.framework in Frameworks */ = {isa = PBXBuildFile; fileRef = 0E728E3E9F2FBE9C307DA388 /* Pods_RoommatchTests.framework */; };
		D801C5D9287765F400F3A5FC /* User.m in Sources */ = {isa = PBXBuildFile; fileRef = D801C5D8287765F400F3A5FC /* User.m */; };
		D8838B4A28873AAE00C72808 /* RequestsViewController.m in Sources */ = {isa = PBXBuildFile; fileRef = D8838B4928873AAE00C72808 /* RequestsViewController.m */; };
		D8838B50288749A900C72808 /* MatchesViewController.m in Sources */ = {isa = PBXBuildFile; fileRef = D8838B4F288749A900C72808 /* MatchesViewController.m */; };
		D8838B532887661B00C72808 /* ChatCell.m in Sources */ = {isa = PBXBuildFile; fileRef = D8838B522887661B00C72808 /* ChatCell.m */; };
		D8838B56288780DE00C72808 /* TheirProfileDetailsViewController.m in Sources */ = {isa = PBXBuildFile; fileRef = D8838B55288780DE00C72808 /* TheirProfileDetailsViewController.m */; };
		D8838B5C2889D19100C72808 /* SwipeView.m in Sources */ = {isa = PBXBuildFile; fileRef = D8838B5B2889D19100C72808 /* SwipeView.m */; };
		D8838B602889EFCE00C72808 /* SwipeView.xib in Resources */ = {isa = PBXBuildFile; fileRef = D8838B5F2889EFCE00C72808 /* SwipeView.xib */; };
		D8838B6C288B22F300C72808 /* ConfettiAnimation.swift in Sources */ = {isa = PBXBuildFile; fileRef = D8838B6B288B22F300C72808 /* ConfettiAnimation.swift */; };
		D8838B73288F551500C72808 /* Chat.m in Sources */ = {isa = PBXBuildFile; fileRef = D8838B72288F551500C72808 /* Chat.m */; };
		D8838B76288F552000C72808 /* Message.m in Sources */ = {isa = PBXBuildFile; fileRef = D8838B75288F552000C72808 /* Message.m */; };
		D8838B792890862B00C72808 /* MessagesViewController.m in Sources */ = {isa = PBXBuildFile; fileRef = D8838B782890862B00C72808 /* MessagesViewController.m */; };
		D8838B8F289331F100C72808 /* SendMessageCell.m in Sources */ = {isa = PBXBuildFile; fileRef = D8838B8E289331F100C72808 /* SendMessageCell.m */; };
		D8838B982893328800C72808 /* ReceiveMessageCell.m in Sources */ = {isa = PBXBuildFile; fileRef = D8838B972893328800C72808 /* ReceiveMessageCell.m */; };
		D88C85302878C542009533BB /* CreateProfileViewController.m in Sources */ = {isa = PBXBuildFile; fileRef = D88C852F2878C542009533BB /* CreateProfileViewController.m */; };
		D88C85332878D2DA009533BB /* Utils.m in Sources */ = {isa = PBXBuildFile; fileRef = D88C85322878D2DA009533BB /* Utils.m */; };
		D88C85362878F6A4009533BB /* ViewMyProfileViewController.m in Sources */ = {isa = PBXBuildFile; fileRef = D88C85352878F6A4009533BB /* ViewMyProfileViewController.m */; };
		D8958F242899E2910078C0A7 /* SearchMessageCell.m in Sources */ = {isa = PBXBuildFile; fileRef = D8958F232899E2910078C0A7 /* SearchMessageCell.m */; };
		D8958F27289AEA5E0078C0A7 /* SearchMessagesFiltersViewController.m in Sources */ = {isa = PBXBuildFile; fileRef = D8958F26289AEA5E0078C0A7 /* SearchMessagesFiltersViewController.m */; };
		D8958F2A289AF75C0078C0A7 /* SearchFilters.m in Sources */ = {isa = PBXBuildFile; fileRef = D8958F29289AF75C0078C0A7 /* SearchFilters.m */; };
		D8A9E3592874C1F4000ACF9A /* AppDelegate.m in Sources */ = {isa = PBXBuildFile; fileRef = D8A9E3582874C1F4000ACF9A /* AppDelegate.m */; };
		D8A9E35C2874C1F4000ACF9A /* SceneDelegate.m in Sources */ = {isa = PBXBuildFile; fileRef = D8A9E35B2874C1F4000ACF9A /* SceneDelegate.m */; };
		D8A9E3622874C1F4000ACF9A /* Main.storyboard in Resources */ = {isa = PBXBuildFile; fileRef = D8A9E3602874C1F4000ACF9A /* Main.storyboard */; };
		D8A9E3642874C1F5000ACF9A /* Assets.xcassets in Resources */ = {isa = PBXBuildFile; fileRef = D8A9E3632874C1F5000ACF9A /* Assets.xcassets */; };
		D8A9E3672874C1F5000ACF9A /* LaunchScreen.storyboard in Resources */ = {isa = PBXBuildFile; fileRef = D8A9E3652874C1F5000ACF9A /* LaunchScreen.storyboard */; };
		D8A9E36A2874C1F5000ACF9A /* main.m in Sources */ = {isa = PBXBuildFile; fileRef = D8A9E3692874C1F5000ACF9A /* main.m */; };
		D8A9E3742874C1F6000ACF9A /* RoommatchTests.m in Sources */ = {isa = PBXBuildFile; fileRef = D8A9E3732874C1F6000ACF9A /* RoommatchTests.m */; };
		D8A9E37E2874C1F6000ACF9A /* RoommatchUITests.m in Sources */ = {isa = PBXBuildFile; fileRef = D8A9E37D2874C1F6000ACF9A /* RoommatchUITests.m */; };
		D8A9E3802874C1F6000ACF9A /* RoommatchUITestsLaunchTests.m in Sources */ = {isa = PBXBuildFile; fileRef = D8A9E37F2874C1F6000ACF9A /* RoommatchUITestsLaunchTests.m */; };
		D8A9E38D2874D356000ACF9A /* Keys.plist in Resources */ = {isa = PBXBuildFile; fileRef = D8A9E38C2874D356000ACF9A /* Keys.plist */; };
		D8A9E39528774B1D000ACF9A /* LoginViewController.m in Sources */ = {isa = PBXBuildFile; fileRef = D8A9E39428774B1D000ACF9A /* LoginViewController.m */; };
		D8D706E428985C830057A795 /* PreferencesViewController.m in Sources */ = {isa = PBXBuildFile; fileRef = D8D706E328985C830057A795 /* PreferencesViewController.m */; };
		D8EE169C2880CC950068FD1B /* LocationViewController.m in Sources */ = {isa = PBXBuildFile; fileRef = D8EE169B2880CC950068FD1B /* LocationViewController.m */; };
		D8EE16A02880D4CE0068FD1B /* CityTableViewCell.m in Sources */ = {isa = PBXBuildFile; fileRef = D8EE169F2880D4CE0068FD1B /* CityTableViewCell.m */; };
		D8EE16AD28861E990068FD1B /* RequestCell.m in Sources */ = {isa = PBXBuildFile; fileRef = D8EE16AC28861E990068FD1B /* RequestCell.m */; };
		D8EE16B028861F050068FD1B /* DiscoverViewController.m in Sources */ = {isa = PBXBuildFile; fileRef = D8EE16AF28861F050068FD1B /* DiscoverViewController.m */; };
		E9DA0FD7C6E280E67B0A2E5D /* Pods_Roommatch.framework in Frameworks */ = {isa = PBXBuildFile; fileRef = 44B3C32F05D6B5D26556E893 /* Pods_Roommatch.framework */; };
/* End PBXBuildFile section */

/* Begin PBXContainerItemProxy section */
		D8A9E3702874C1F6000ACF9A /* PBXContainerItemProxy */ = {
			isa = PBXContainerItemProxy;
			containerPortal = D8A9E34C2874C1F4000ACF9A /* Project object */;
			proxyType = 1;
			remoteGlobalIDString = D8A9E3532874C1F4000ACF9A;
			remoteInfo = Roommatch;
		};
		D8A9E37A2874C1F6000ACF9A /* PBXContainerItemProxy */ = {
			isa = PBXContainerItemProxy;
			containerPortal = D8A9E34C2874C1F4000ACF9A /* Project object */;
			proxyType = 1;
			remoteGlobalIDString = D8A9E3532874C1F4000ACF9A;
			remoteInfo = Roommatch;
		};
/* End PBXContainerItemProxy section */

/* Begin PBXFileReference section */
		047F3A4AB297C830E321D268 /* Pods-Roommatch-RoommatchUITests.debug.xcconfig */ = {isa = PBXFileReference; includeInIndex = 1; lastKnownFileType = text.xcconfig; name = "Pods-Roommatch-RoommatchUITests.debug.xcconfig"; path = "Target Support Files/Pods-Roommatch-RoommatchUITests/Pods-Roommatch-RoommatchUITests.debug.xcconfig"; sourceTree = "<group>"; };
		0E728E3E9F2FBE9C307DA388 /* Pods_RoommatchTests.framework */ = {isa = PBXFileReference; explicitFileType = wrapper.framework; includeInIndex = 0; path = Pods_RoommatchTests.framework; sourceTree = BUILT_PRODUCTS_DIR; };
		147571599F43B17F986BB84D /* Pods-Roommatch.debug.xcconfig */ = {isa = PBXFileReference; includeInIndex = 1; lastKnownFileType = text.xcconfig; name = "Pods-Roommatch.debug.xcconfig"; path = "Target Support Files/Pods-Roommatch/Pods-Roommatch.debug.xcconfig"; sourceTree = "<group>"; };
		1778E9066BA31B2DF0F411FD /* Pods-Roommatch.release.xcconfig */ = {isa = PBXFileReference; includeInIndex = 1; lastKnownFileType = text.xcconfig; name = "Pods-Roommatch.release.xcconfig"; path = "Target Support Files/Pods-Roommatch/Pods-Roommatch.release.xcconfig"; sourceTree = "<group>"; };
		1BFC4C11AF92636A2CA74AFE /* Pods-RoommatchTests.debug.xcconfig */ = {isa = PBXFileReference; includeInIndex = 1; lastKnownFileType = text.xcconfig; name = "Pods-RoommatchTests.debug.xcconfig"; path = "Target Support Files/Pods-RoommatchTests/Pods-RoommatchTests.debug.xcconfig"; sourceTree = "<group>"; };
		44B3C32F05D6B5D26556E893 /* Pods_Roommatch.framework */ = {isa = PBXFileReference; explicitFileType = wrapper.framework; includeInIndex = 0; path = Pods_Roommatch.framework; sourceTree = BUILT_PRODUCTS_DIR; };
		5BD518219B7867E4958AB038 /* Pods_Roommatch_RoommatchUITests.framework */ = {isa = PBXFileReference; explicitFileType = wrapper.framework; includeInIndex = 0; path = Pods_Roommatch_RoommatchUITests.framework; sourceTree = BUILT_PRODUCTS_DIR; };
		A087A8CCFD1CFDE66FB90825 /* Pods-RoommatchTests.release.xcconfig */ = {isa = PBXFileReference; includeInIndex = 1; lastKnownFileType = text.xcconfig; name = "Pods-RoommatchTests.release.xcconfig"; path = "Target Support Files/Pods-RoommatchTests/Pods-RoommatchTests.release.xcconfig"; sourceTree = "<group>"; };
		D801C5D7287765F400F3A5FC /* User.h */ = {isa = PBXFileReference; lastKnownFileType = sourcecode.c.h; path = User.h; sourceTree = "<group>"; };
		D801C5D8287765F400F3A5FC /* User.m */ = {isa = PBXFileReference; lastKnownFileType = sourcecode.c.objc; path = User.m; sourceTree = "<group>"; };
		D8838B4828873AAE00C72808 /* RequestsViewController.h */ = {isa = PBXFileReference; lastKnownFileType = sourcecode.c.h; path = RequestsViewController.h; sourceTree = "<group>"; };
		D8838B4928873AAE00C72808 /* RequestsViewController.m */ = {isa = PBXFileReference; lastKnownFileType = sourcecode.c.objc; path = RequestsViewController.m; sourceTree = "<group>"; };
		D8838B4E288749A900C72808 /* MatchesViewController.h */ = {isa = PBXFileReference; lastKnownFileType = sourcecode.c.h; path = MatchesViewController.h; sourceTree = "<group>"; };
		D8838B4F288749A900C72808 /* MatchesViewController.m */ = {isa = PBXFileReference; lastKnownFileType = sourcecode.c.objc; path = MatchesViewController.m; sourceTree = "<group>"; };
		D8838B512887661B00C72808 /* ChatCell.h */ = {isa = PBXFileReference; lastKnownFileType = sourcecode.c.h; path = ChatCell.h; sourceTree = "<group>"; };
		D8838B522887661B00C72808 /* ChatCell.m */ = {isa = PBXFileReference; lastKnownFileType = sourcecode.c.objc; path = ChatCell.m; sourceTree = "<group>"; };
		D8838B54288780DE00C72808 /* TheirProfileDetailsViewController.h */ = {isa = PBXFileReference; lastKnownFileType = sourcecode.c.h; path = TheirProfileDetailsViewController.h; sourceTree = "<group>"; };
		D8838B55288780DE00C72808 /* TheirProfileDetailsViewController.m */ = {isa = PBXFileReference; lastKnownFileType = sourcecode.c.objc; path = TheirProfileDetailsViewController.m; sourceTree = "<group>"; };
		D8838B5A2889D19100C72808 /* SwipeView.h */ = {isa = PBXFileReference; lastKnownFileType = sourcecode.c.h; path = SwipeView.h; sourceTree = "<group>"; };
		D8838B5B2889D19100C72808 /* SwipeView.m */ = {isa = PBXFileReference; lastKnownFileType = sourcecode.c.objc; path = SwipeView.m; sourceTree = "<group>"; };
		D8838B5F2889EFCE00C72808 /* SwipeView.xib */ = {isa = PBXFileReference; lastKnownFileType = file.xib; path = SwipeView.xib; sourceTree = "<group>"; };
		D8838B6B288B22F300C72808 /* ConfettiAnimation.swift */ = {isa = PBXFileReference; lastKnownFileType = sourcecode.swift; path = ConfettiAnimation.swift; sourceTree = "<group>"; };
		D8838B70288B48BE00C72808 /* Roommatch-Bridging-Header.h */ = {isa = PBXFileReference; lastKnownFileType = sourcecode.c.h; path = "Roommatch-Bridging-Header.h"; sourceTree = "<group>"; };
		D8838B71288F551500C72808 /* Chat.h */ = {isa = PBXFileReference; lastKnownFileType = sourcecode.c.h; path = Chat.h; sourceTree = "<group>"; };
		D8838B72288F551500C72808 /* Chat.m */ = {isa = PBXFileReference; lastKnownFileType = sourcecode.c.objc; path = Chat.m; sourceTree = "<group>"; };
		D8838B74288F552000C72808 /* Message.h */ = {isa = PBXFileReference; lastKnownFileType = sourcecode.c.h; path = Message.h; sourceTree = "<group>"; };
		D8838B75288F552000C72808 /* Message.m */ = {isa = PBXFileReference; lastKnownFileType = sourcecode.c.objc; path = Message.m; sourceTree = "<group>"; };
		D8838B772890862B00C72808 /* MessagesViewController.h */ = {isa = PBXFileReference; lastKnownFileType = sourcecode.c.h; path = MessagesViewController.h; sourceTree = "<group>"; };
		D8838B782890862B00C72808 /* MessagesViewController.m */ = {isa = PBXFileReference; lastKnownFileType = sourcecode.c.objc; path = MessagesViewController.m; sourceTree = "<group>"; };
		D8838B8D289331F100C72808 /* SendMessageCell.h */ = {isa = PBXFileReference; lastKnownFileType = sourcecode.c.h; path = SendMessageCell.h; sourceTree = "<group>"; };
		D8838B8E289331F100C72808 /* SendMessageCell.m */ = {isa = PBXFileReference; lastKnownFileType = sourcecode.c.objc; path = SendMessageCell.m; sourceTree = "<group>"; };
		D8838B962893328800C72808 /* ReceiveMessageCell.h */ = {isa = PBXFileReference; lastKnownFileType = sourcecode.c.h; path = ReceiveMessageCell.h; sourceTree = "<group>"; };
		D8838B972893328800C72808 /* ReceiveMessageCell.m */ = {isa = PBXFileReference; lastKnownFileType = sourcecode.c.objc; path = ReceiveMessageCell.m; sourceTree = "<group>"; };
		D88C852E2878C542009533BB /* CreateProfileViewController.h */ = {isa = PBXFileReference; lastKnownFileType = sourcecode.c.h; path = CreateProfileViewController.h; sourceTree = "<group>"; };
		D88C852F2878C542009533BB /* CreateProfileViewController.m */ = {isa = PBXFileReference; lastKnownFileType = sourcecode.c.objc; path = CreateProfileViewController.m; sourceTree = "<group>"; };
		D88C85312878D2DA009533BB /* Utils.h */ = {isa = PBXFileReference; lastKnownFileType = sourcecode.c.h; path = Utils.h; sourceTree = "<group>"; };
		D88C85322878D2DA009533BB /* Utils.m */ = {isa = PBXFileReference; lastKnownFileType = sourcecode.c.objc; path = Utils.m; sourceTree = "<group>"; };
		D88C85342878F6A4009533BB /* ViewMyProfileViewController.h */ = {isa = PBXFileReference; lastKnownFileType = sourcecode.c.h; path = ViewMyProfileViewController.h; sourceTree = "<group>"; };
		D88C85352878F6A4009533BB /* ViewMyProfileViewController.m */ = {isa = PBXFileReference; lastKnownFileType = sourcecode.c.objc; path = ViewMyProfileViewController.m; sourceTree = "<group>"; };
		D8958F222899E2910078C0A7 /* SearchMessageCell.h */ = {isa = PBXFileReference; lastKnownFileType = sourcecode.c.h; path = SearchMessageCell.h; sourceTree = "<group>"; };
		D8958F232899E2910078C0A7 /* SearchMessageCell.m */ = {isa = PBXFileReference; lastKnownFileType = sourcecode.c.objc; path = SearchMessageCell.m; sourceTree = "<group>"; };
		D8958F25289AEA5E0078C0A7 /* SearchMessagesFiltersViewController.h */ = {isa = PBXFileReference; lastKnownFileType = sourcecode.c.h; path = SearchMessagesFiltersViewController.h; sourceTree = "<group>"; };
		D8958F26289AEA5E0078C0A7 /* SearchMessagesFiltersViewController.m */ = {isa = PBXFileReference; lastKnownFileType = sourcecode.c.objc; path = SearchMessagesFiltersViewController.m; sourceTree = "<group>"; };
		D8958F28289AF75C0078C0A7 /* SearchFilters.h */ = {isa = PBXFileReference; lastKnownFileType = sourcecode.c.h; path = SearchFilters.h; sourceTree = "<group>"; };
		D8958F29289AF75C0078C0A7 /* SearchFilters.m */ = {isa = PBXFileReference; lastKnownFileType = sourcecode.c.objc; path = SearchFilters.m; sourceTree = "<group>"; };
		D8A9E3542874C1F4000ACF9A /* Roommatch.app */ = {isa = PBXFileReference; explicitFileType = wrapper.application; includeInIndex = 0; path = Roommatch.app; sourceTree = BUILT_PRODUCTS_DIR; };
		D8A9E3572874C1F4000ACF9A /* AppDelegate.h */ = {isa = PBXFileReference; lastKnownFileType = sourcecode.c.h; path = AppDelegate.h; sourceTree = "<group>"; };
		D8A9E3582874C1F4000ACF9A /* AppDelegate.m */ = {isa = PBXFileReference; lastKnownFileType = sourcecode.c.objc; path = AppDelegate.m; sourceTree = "<group>"; };
		D8A9E35A2874C1F4000ACF9A /* SceneDelegate.h */ = {isa = PBXFileReference; lastKnownFileType = sourcecode.c.h; path = SceneDelegate.h; sourceTree = "<group>"; };
		D8A9E35B2874C1F4000ACF9A /* SceneDelegate.m */ = {isa = PBXFileReference; lastKnownFileType = sourcecode.c.objc; path = SceneDelegate.m; sourceTree = "<group>"; };
		D8A9E3612874C1F4000ACF9A /* Base */ = {isa = PBXFileReference; lastKnownFileType = file.storyboard; name = Base; path = Base.lproj/Main.storyboard; sourceTree = "<group>"; };
		D8A9E3632874C1F5000ACF9A /* Assets.xcassets */ = {isa = PBXFileReference; lastKnownFileType = folder.assetcatalog; path = Assets.xcassets; sourceTree = "<group>"; };
		D8A9E3662874C1F5000ACF9A /* Base */ = {isa = PBXFileReference; lastKnownFileType = file.storyboard; name = Base; path = Base.lproj/LaunchScreen.storyboard; sourceTree = "<group>"; };
		D8A9E3682874C1F5000ACF9A /* Info.plist */ = {isa = PBXFileReference; lastKnownFileType = text.plist.xml; path = Info.plist; sourceTree = "<group>"; };
		D8A9E3692874C1F5000ACF9A /* main.m */ = {isa = PBXFileReference; lastKnownFileType = sourcecode.c.objc; path = main.m; sourceTree = "<group>"; };
		D8A9E36F2874C1F6000ACF9A /* RoommatchTests.xctest */ = {isa = PBXFileReference; explicitFileType = wrapper.cfbundle; includeInIndex = 0; path = RoommatchTests.xctest; sourceTree = BUILT_PRODUCTS_DIR; };
		D8A9E3732874C1F6000ACF9A /* RoommatchTests.m */ = {isa = PBXFileReference; lastKnownFileType = sourcecode.c.objc; path = RoommatchTests.m; sourceTree = "<group>"; };
		D8A9E3792874C1F6000ACF9A /* RoommatchUITests.xctest */ = {isa = PBXFileReference; explicitFileType = wrapper.cfbundle; includeInIndex = 0; path = RoommatchUITests.xctest; sourceTree = BUILT_PRODUCTS_DIR; };
		D8A9E37D2874C1F6000ACF9A /* RoommatchUITests.m */ = {isa = PBXFileReference; lastKnownFileType = sourcecode.c.objc; path = RoommatchUITests.m; sourceTree = "<group>"; };
		D8A9E37F2874C1F6000ACF9A /* RoommatchUITestsLaunchTests.m */ = {isa = PBXFileReference; lastKnownFileType = sourcecode.c.objc; path = RoommatchUITestsLaunchTests.m; sourceTree = "<group>"; };
		D8A9E38C2874D356000ACF9A /* Keys.plist */ = {isa = PBXFileReference; lastKnownFileType = text.plist.xml; path = Keys.plist; sourceTree = "<group>"; };
		D8A9E39328774B1D000ACF9A /* LoginViewController.h */ = {isa = PBXFileReference; lastKnownFileType = sourcecode.c.h; path = LoginViewController.h; sourceTree = "<group>"; };
		D8A9E39428774B1D000ACF9A /* LoginViewController.m */ = {isa = PBXFileReference; lastKnownFileType = sourcecode.c.objc; path = LoginViewController.m; sourceTree = "<group>"; };
		D8D706E228985C830057A795 /* PreferencesViewController.h */ = {isa = PBXFileReference; lastKnownFileType = sourcecode.c.h; path = PreferencesViewController.h; sourceTree = "<group>"; };
		D8D706E328985C830057A795 /* PreferencesViewController.m */ = {isa = PBXFileReference; lastKnownFileType = sourcecode.c.objc; path = PreferencesViewController.m; sourceTree = "<group>"; };
		D8EE169A2880CC950068FD1B /* LocationViewController.h */ = {isa = PBXFileReference; lastKnownFileType = sourcecode.c.h; path = LocationViewController.h; sourceTree = "<group>"; };
		D8EE169B2880CC950068FD1B /* LocationViewController.m */ = {isa = PBXFileReference; lastKnownFileType = sourcecode.c.objc; path = LocationViewController.m; sourceTree = "<group>"; };
		D8EE169E2880D4CE0068FD1B /* CityTableViewCell.h */ = {isa = PBXFileReference; lastKnownFileType = sourcecode.c.h; path = CityTableViewCell.h; sourceTree = "<group>"; };
		D8EE169F2880D4CE0068FD1B /* CityTableViewCell.m */ = {isa = PBXFileReference; lastKnownFileType = sourcecode.c.objc; path = CityTableViewCell.m; sourceTree = "<group>"; };
		D8EE16AB28861E990068FD1B /* RequestCell.h */ = {isa = PBXFileReference; lastKnownFileType = sourcecode.c.h; path = RequestCell.h; sourceTree = "<group>"; };
		D8EE16AC28861E990068FD1B /* RequestCell.m */ = {isa = PBXFileReference; lastKnownFileType = sourcecode.c.objc; path = RequestCell.m; sourceTree = "<group>"; };
		D8EE16AE28861F050068FD1B /* DiscoverViewController.h */ = {isa = PBXFileReference; lastKnownFileType = sourcecode.c.h; path = DiscoverViewController.h; sourceTree = "<group>"; };
		D8EE16AF28861F050068FD1B /* DiscoverViewController.m */ = {isa = PBXFileReference; lastKnownFileType = sourcecode.c.objc; path = DiscoverViewController.m; sourceTree = "<group>"; };
		D8F76225BF4577336C4B9511 /* Pods-Roommatch-RoommatchUITests.release.xcconfig */ = {isa = PBXFileReference; includeInIndex = 1; lastKnownFileType = text.xcconfig; name = "Pods-Roommatch-RoommatchUITests.release.xcconfig"; path = "Target Support Files/Pods-Roommatch-RoommatchUITests/Pods-Roommatch-RoommatchUITests.release.xcconfig"; sourceTree = "<group>"; };
/* End PBXFileReference section */

/* Begin PBXFrameworksBuildPhase section */
		D8A9E3512874C1F4000ACF9A /* Frameworks */ = {
			isa = PBXFrameworksBuildPhase;
			buildActionMask = 2147483647;
			files = (
				E9DA0FD7C6E280E67B0A2E5D /* Pods_Roommatch.framework in Frameworks */,
			);
			runOnlyForDeploymentPostprocessing = 0;
		};
		D8A9E36C2874C1F6000ACF9A /* Frameworks */ = {
			isa = PBXFrameworksBuildPhase;
			buildActionMask = 2147483647;
			files = (
				BAA8661335580629BCC8B0AB /* Pods_RoommatchTests.framework in Frameworks */,
			);
			runOnlyForDeploymentPostprocessing = 0;
		};
		D8A9E3762874C1F6000ACF9A /* Frameworks */ = {
			isa = PBXFrameworksBuildPhase;
			buildActionMask = 2147483647;
			files = (
				B433612DA4C35A9F0252E02B /* Pods_Roommatch_RoommatchUITests.framework in Frameworks */,
			);
			runOnlyForDeploymentPostprocessing = 0;
		};
/* End PBXFrameworksBuildPhase section */

/* Begin PBXGroup section */
		945DE412817F965365E601DF /* Frameworks */ = {
			isa = PBXGroup;
			children = (
				44B3C32F05D6B5D26556E893 /* Pods_Roommatch.framework */,
				5BD518219B7867E4958AB038 /* Pods_Roommatch_RoommatchUITests.framework */,
				0E728E3E9F2FBE9C307DA388 /* Pods_RoommatchTests.framework */,
			);
			name = Frameworks;
			sourceTree = "<group>";
		};
		A58193A537C17183736DC9A3 /* Pods */ = {
			isa = PBXGroup;
			children = (
				147571599F43B17F986BB84D /* Pods-Roommatch.debug.xcconfig */,
				1778E9066BA31B2DF0F411FD /* Pods-Roommatch.release.xcconfig */,
				047F3A4AB297C830E321D268 /* Pods-Roommatch-RoommatchUITests.debug.xcconfig */,
				D8F76225BF4577336C4B9511 /* Pods-Roommatch-RoommatchUITests.release.xcconfig */,
				1BFC4C11AF92636A2CA74AFE /* Pods-RoommatchTests.debug.xcconfig */,
				A087A8CCFD1CFDE66FB90825 /* Pods-RoommatchTests.release.xcconfig */,
			);
			path = Pods;
			sourceTree = "<group>";
		};
		D8838B4B28873ECB00C72808 /* Views */ = {
			isa = PBXGroup;
			children = (
				D8838B5A2889D19100C72808 /* SwipeView.h */,
				D8838B5B2889D19100C72808 /* SwipeView.m */,
				D8838B5F2889EFCE00C72808 /* SwipeView.xib */,
			);
			path = Views;
			sourceTree = "<group>";
		};
		D8838B6A288B22AA00C72808 /* Animation */ = {
			isa = PBXGroup;
			children = (
				D8838B6B288B22F300C72808 /* ConfettiAnimation.swift */,
			);
			path = Animation;
			sourceTree = "<group>";
		};
		D8838B7F2891FEE200C72808 /* Chat */ = {
			isa = PBXGroup;
			children = (
				D8838B4E288749A900C72808 /* MatchesViewController.h */,
				D8838B4F288749A900C72808 /* MatchesViewController.m */,
				D8838B772890862B00C72808 /* MessagesViewController.h */,
				D8838B782890862B00C72808 /* MessagesViewController.m */,
				D8958F25289AEA5E0078C0A7 /* SearchMessagesFiltersViewController.h */,
				D8958F26289AEA5E0078C0A7 /* SearchMessagesFiltersViewController.m */,
			);
			path = Chat;
			sourceTree = "<group>";
		};
		D8838B802891FEF100C72808 /* Profile Creation */ = {
			isa = PBXGroup;
			children = (
				D88C852E2878C542009533BB /* CreateProfileViewController.h */,
				D88C852F2878C542009533BB /* CreateProfileViewController.m */,
				D8EE169A2880CC950068FD1B /* LocationViewController.h */,
				D8EE169B2880CC950068FD1B /* LocationViewController.m */,
			);
			path = "Profile Creation";
			sourceTree = "<group>";
		};
		D8838B822891FF5000C72808 /* Login */ = {
			isa = PBXGroup;
			children = (
				D8A9E39328774B1D000ACF9A /* LoginViewController.h */,
				D8A9E39428774B1D000ACF9A /* LoginViewController.m */,
			);
			path = Login;
			sourceTree = "<group>";
		};
		D8838B832891FF5700C72808 /* View Profile */ = {
			isa = PBXGroup;
			children = (
				D88C85342878F6A4009533BB /* ViewMyProfileViewController.h */,
				D88C85352878F6A4009533BB /* ViewMyProfileViewController.m */,
				D8838B54288780DE00C72808 /* TheirProfileDetailsViewController.h */,
				D8838B55288780DE00C72808 /* TheirProfileDetailsViewController.m */,
			);
			path = "View Profile";
			sourceTree = "<group>";
		};
		D8838B842891FF5E00C72808 /* Discover */ = {
			isa = PBXGroup;
			children = (
				D8D706E228985C830057A795 /* PreferencesViewController.h */,
				D8D706E328985C830057A795 /* PreferencesViewController.m */,
				D8EE16AE28861F050068FD1B /* DiscoverViewController.h */,
				D8EE16AF28861F050068FD1B /* DiscoverViewController.m */,
			);
			path = Discover;
			sourceTree = "<group>";
		};
		D8838B852891FF6400C72808 /* Requests */ = {
			isa = PBXGroup;
			children = (
				D8838B4828873AAE00C72808 /* RequestsViewController.h */,
				D8838B4928873AAE00C72808 /* RequestsViewController.m */,
			);
			path = Requests;
			sourceTree = "<group>";
		};
		D8838B862891FFF000C72808 /* Util */ = {
			isa = PBXGroup;
			children = (
				D88C85312878D2DA009533BB /* Utils.h */,
				D88C85322878D2DA009533BB /* Utils.m */,
			);
			path = Util;
			sourceTree = "<group>";
		};
		D8A9E34B2874C1F4000ACF9A = {
			isa = PBXGroup;
			children = (
				D8A9E3562874C1F4000ACF9A /* Roommatch */,
				D8A9E3722874C1F6000ACF9A /* RoommatchTests */,
				D8A9E37C2874C1F6000ACF9A /* RoommatchUITests */,
				D8A9E3552874C1F4000ACF9A /* Products */,
				A58193A537C17183736DC9A3 /* Pods */,
				945DE412817F965365E601DF /* Frameworks */,
			);
			sourceTree = "<group>";
		};
		D8A9E3552874C1F4000ACF9A /* Products */ = {
			isa = PBXGroup;
			children = (
				D8A9E3542874C1F4000ACF9A /* Roommatch.app */,
				D8A9E36F2874C1F6000ACF9A /* RoommatchTests.xctest */,
				D8A9E3792874C1F6000ACF9A /* RoommatchUITests.xctest */,
			);
			name = Products;
			sourceTree = "<group>";
		};
		D8A9E3562874C1F4000ACF9A /* Roommatch */ = {
			isa = PBXGroup;
			children = (
				D8838B70288B48BE00C72808 /* Roommatch-Bridging-Header.h */,
				D8A9E3982877542E000ACF9A /* ViewControllers */,
				D8838B6A288B22AA00C72808 /* Animation */,
				D8A9E38F2874FBC7000ACF9A /* Models */,
				D8838B4B28873ECB00C72808 /* Views */,
				D8EE16AA28861E570068FD1B /* Cells */,
				D8838B862891FFF000C72808 /* Util */,
				D8A9E3572874C1F4000ACF9A /* AppDelegate.h */,
				D8A9E3582874C1F4000ACF9A /* AppDelegate.m */,
				D8A9E35A2874C1F4000ACF9A /* SceneDelegate.h */,
				D8A9E35B2874C1F4000ACF9A /* SceneDelegate.m */,
				D8A9E3632874C1F5000ACF9A /* Assets.xcassets */,
				D8A9E3682874C1F5000ACF9A /* Info.plist */,
				D8A9E38C2874D356000ACF9A /* Keys.plist */,
				D8A9E3652874C1F5000ACF9A /* LaunchScreen.storyboard */,
				D8A9E3692874C1F5000ACF9A /* main.m */,
				D8A9E3602874C1F4000ACF9A /* Main.storyboard */,
			);
			path = Roommatch;
			sourceTree = "<group>";
		};
		D8A9E3722874C1F6000ACF9A /* RoommatchTests */ = {
			isa = PBXGroup;
			children = (
				D8A9E3732874C1F6000ACF9A /* RoommatchTests.m */,
			);
			path = RoommatchTests;
			sourceTree = "<group>";
		};
		D8A9E37C2874C1F6000ACF9A /* RoommatchUITests */ = {
			isa = PBXGroup;
			children = (
				D8A9E37D2874C1F6000ACF9A /* RoommatchUITests.m */,
				D8A9E37F2874C1F6000ACF9A /* RoommatchUITestsLaunchTests.m */,
			);
			path = RoommatchUITests;
			sourceTree = "<group>";
		};
		D8A9E38F2874FBC7000ACF9A /* Models */ = {
			isa = PBXGroup;
			children = (
				D801C5D7287765F400F3A5FC /* User.h */,
				D801C5D8287765F400F3A5FC /* User.m */,
				D8838B71288F551500C72808 /* Chat.h */,
				D8838B72288F551500C72808 /* Chat.m */,
				D8838B74288F552000C72808 /* Message.h */,
				D8838B75288F552000C72808 /* Message.m */,
				D8958F28289AF75C0078C0A7 /* SearchFilters.h */,
				D8958F29289AF75C0078C0A7 /* SearchFilters.m */,
			);
			path = Models;
			sourceTree = "<group>";
		};
		D8A9E3982877542E000ACF9A /* ViewControllers */ = {
			isa = PBXGroup;
			children = (
				D8838B822891FF5000C72808 /* Login */,
				D8838B802891FEF100C72808 /* Profile Creation */,
				D8838B832891FF5700C72808 /* View Profile */,
				D8838B842891FF5E00C72808 /* Discover */,
				D8838B852891FF6400C72808 /* Requests */,
				D8838B7F2891FEE200C72808 /* Chat */,
			);
			path = ViewControllers;
			sourceTree = "<group>";
		};
		D8EE16AA28861E570068FD1B /* Cells */ = {
			isa = PBXGroup;
			children = (
				D8EE169E2880D4CE0068FD1B /* CityTableViewCell.h */,
				D8EE169F2880D4CE0068FD1B /* CityTableViewCell.m */,
				D8EE16AB28861E990068FD1B /* RequestCell.h */,
				D8EE16AC28861E990068FD1B /* RequestCell.m */,
				D8838B512887661B00C72808 /* ChatCell.h */,
				D8838B522887661B00C72808 /* ChatCell.m */,
				D8838B8D289331F100C72808 /* SendMessageCell.h */,
				D8838B8E289331F100C72808 /* SendMessageCell.m */,
				D8838B962893328800C72808 /* ReceiveMessageCell.h */,
				D8838B972893328800C72808 /* ReceiveMessageCell.m */,
				D8958F222899E2910078C0A7 /* SearchMessageCell.h */,
				D8958F232899E2910078C0A7 /* SearchMessageCell.m */,
			);
			path = Cells;
			sourceTree = "<group>";
		};
/* End PBXGroup section */

/* Begin PBXNativeTarget section */
		D8A9E3532874C1F4000ACF9A /* Roommatch */ = {
			isa = PBXNativeTarget;
			buildConfigurationList = D8A9E3832874C1F6000ACF9A /* Build configuration list for PBXNativeTarget "Roommatch" */;
			buildPhases = (
				964143DFE1C9F5881F08AD8F /* [CP] Check Pods Manifest.lock */,
				D8A9E3502874C1F4000ACF9A /* Sources */,
				D8A9E3512874C1F4000ACF9A /* Frameworks */,
				D8A9E3522874C1F4000ACF9A /* Resources */,
				9E54B4D12CE555F85121951D /* [CP] Embed Pods Frameworks */,
			);
			buildRules = (
			);
			dependencies = (
			);
			name = Roommatch;
			productName = Roommatch;
			productReference = D8A9E3542874C1F4000ACF9A /* Roommatch.app */;
			productType = "com.apple.product-type.application";
		};
		D8A9E36E2874C1F6000ACF9A /* RoommatchTests */ = {
			isa = PBXNativeTarget;
			buildConfigurationList = D8A9E3862874C1F6000ACF9A /* Build configuration list for PBXNativeTarget "RoommatchTests" */;
			buildPhases = (
				9880E21E97E8F3A6562A740B /* [CP] Check Pods Manifest.lock */,
				D8A9E36B2874C1F6000ACF9A /* Sources */,
				D8A9E36C2874C1F6000ACF9A /* Frameworks */,
				D8A9E36D2874C1F6000ACF9A /* Resources */,
			);
			buildRules = (
			);
			dependencies = (
				D8A9E3712874C1F6000ACF9A /* PBXTargetDependency */,
			);
			name = RoommatchTests;
			productName = RoommatchTests;
			productReference = D8A9E36F2874C1F6000ACF9A /* RoommatchTests.xctest */;
			productType = "com.apple.product-type.bundle.unit-test";
		};
		D8A9E3782874C1F6000ACF9A /* RoommatchUITests */ = {
			isa = PBXNativeTarget;
			buildConfigurationList = D8A9E3892874C1F6000ACF9A /* Build configuration list for PBXNativeTarget "RoommatchUITests" */;
			buildPhases = (
				2630061381DD415868E73FDF /* [CP] Check Pods Manifest.lock */,
				D8A9E3752874C1F6000ACF9A /* Sources */,
				D8A9E3762874C1F6000ACF9A /* Frameworks */,
				D8A9E3772874C1F6000ACF9A /* Resources */,
				590892E680B6D93E1BC86E0F /* [CP] Embed Pods Frameworks */,
			);
			buildRules = (
			);
			dependencies = (
				D8A9E37B2874C1F6000ACF9A /* PBXTargetDependency */,
			);
			name = RoommatchUITests;
			productName = RoommatchUITests;
			productReference = D8A9E3792874C1F6000ACF9A /* RoommatchUITests.xctest */;
			productType = "com.apple.product-type.bundle.ui-testing";
		};
/* End PBXNativeTarget section */

/* Begin PBXProject section */
		D8A9E34C2874C1F4000ACF9A /* Project object */ = {
			isa = PBXProject;
			attributes = {
				BuildIndependentTargetsInParallel = 1;
				LastUpgradeCheck = 1340;
				TargetAttributes = {
					D8A9E3532874C1F4000ACF9A = {
						CreatedOnToolsVersion = 13.4;
						LastSwiftMigration = 1340;
					};
					D8A9E36E2874C1F6000ACF9A = {
						CreatedOnToolsVersion = 13.4;
						TestTargetID = D8A9E3532874C1F4000ACF9A;
					};
					D8A9E3782874C1F6000ACF9A = {
						CreatedOnToolsVersion = 13.4;
						TestTargetID = D8A9E3532874C1F4000ACF9A;
					};
				};
			};
			buildConfigurationList = D8A9E34F2874C1F4000ACF9A /* Build configuration list for PBXProject "Roommatch" */;
			compatibilityVersion = "Xcode 13.0";
			developmentRegion = en;
			hasScannedForEncodings = 0;
			knownRegions = (
				en,
				Base,
			);
			mainGroup = D8A9E34B2874C1F4000ACF9A;
			productRefGroup = D8A9E3552874C1F4000ACF9A /* Products */;
			projectDirPath = "";
			projectRoot = "";
			targets = (
				D8A9E3532874C1F4000ACF9A /* Roommatch */,
				D8A9E36E2874C1F6000ACF9A /* RoommatchTests */,
				D8A9E3782874C1F6000ACF9A /* RoommatchUITests */,
			);
		};
/* End PBXProject section */

/* Begin PBXResourcesBuildPhase section */
		D8A9E3522874C1F4000ACF9A /* Resources */ = {
			isa = PBXResourcesBuildPhase;
			buildActionMask = 2147483647;
			files = (
				D8A9E38D2874D356000ACF9A /* Keys.plist in Resources */,
				D8A9E3672874C1F5000ACF9A /* LaunchScreen.storyboard in Resources */,
				D8A9E3642874C1F5000ACF9A /* Assets.xcassets in Resources */,
				D8838B602889EFCE00C72808 /* SwipeView.xib in Resources */,
				D8A9E3622874C1F4000ACF9A /* Main.storyboard in Resources */,
			);
			runOnlyForDeploymentPostprocessing = 0;
		};
		D8A9E36D2874C1F6000ACF9A /* Resources */ = {
			isa = PBXResourcesBuildPhase;
			buildActionMask = 2147483647;
			files = (
			);
			runOnlyForDeploymentPostprocessing = 0;
		};
		D8A9E3772874C1F6000ACF9A /* Resources */ = {
			isa = PBXResourcesBuildPhase;
			buildActionMask = 2147483647;
			files = (
			);
			runOnlyForDeploymentPostprocessing = 0;
		};
/* End PBXResourcesBuildPhase section */

/* Begin PBXShellScriptBuildPhase section */
		2630061381DD415868E73FDF /* [CP] Check Pods Manifest.lock */ = {
			isa = PBXShellScriptBuildPhase;
			buildActionMask = 2147483647;
			files = (
			);
			inputFileListPaths = (
			);
			inputPaths = (
				"${PODS_PODFILE_DIR_PATH}/Podfile.lock",
				"${PODS_ROOT}/Manifest.lock",
			);
			name = "[CP] Check Pods Manifest.lock";
			outputFileListPaths = (
			);
			outputPaths = (
				"$(DERIVED_FILE_DIR)/Pods-Roommatch-RoommatchUITests-checkManifestLockResult.txt",
			);
			runOnlyForDeploymentPostprocessing = 0;
			shellPath = /bin/sh;
			shellScript = "diff \"${PODS_PODFILE_DIR_PATH}/Podfile.lock\" \"${PODS_ROOT}/Manifest.lock\" > /dev/null\nif [ $? != 0 ] ; then\n    # print error to STDERR\n    echo \"error: The sandbox is not in sync with the Podfile.lock. Run 'pod install' or update your CocoaPods installation.\" >&2\n    exit 1\nfi\n# This output is used by Xcode 'outputs' to avoid re-running this script phase.\necho \"SUCCESS\" > \"${SCRIPT_OUTPUT_FILE_0}\"\n";
			showEnvVarsInLog = 0;
		};
		590892E680B6D93E1BC86E0F /* [CP] Embed Pods Frameworks */ = {
			isa = PBXShellScriptBuildPhase;
			buildActionMask = 2147483647;
			files = (
			);
			inputFileListPaths = (
				"${PODS_ROOT}/Target Support Files/Pods-Roommatch-RoommatchUITests/Pods-Roommatch-RoommatchUITests-frameworks-${CONFIGURATION}-input-files.xcfilelist",
			);
			name = "[CP] Embed Pods Frameworks";
			outputFileListPaths = (
				"${PODS_ROOT}/Target Support Files/Pods-Roommatch-RoommatchUITests/Pods-Roommatch-RoommatchUITests-frameworks-${CONFIGURATION}-output-files.xcfilelist",
			);
			runOnlyForDeploymentPostprocessing = 0;
			shellPath = /bin/sh;
			shellScript = "\"${PODS_ROOT}/Target Support Files/Pods-Roommatch-RoommatchUITests/Pods-Roommatch-RoommatchUITests-frameworks.sh\"\n";
			showEnvVarsInLog = 0;
		};
		964143DFE1C9F5881F08AD8F /* [CP] Check Pods Manifest.lock */ = {
			isa = PBXShellScriptBuildPhase;
			buildActionMask = 2147483647;
			files = (
			);
			inputFileListPaths = (
			);
			inputPaths = (
				"${PODS_PODFILE_DIR_PATH}/Podfile.lock",
				"${PODS_ROOT}/Manifest.lock",
			);
			name = "[CP] Check Pods Manifest.lock";
			outputFileListPaths = (
			);
			outputPaths = (
				"$(DERIVED_FILE_DIR)/Pods-Roommatch-checkManifestLockResult.txt",
			);
			runOnlyForDeploymentPostprocessing = 0;
			shellPath = /bin/sh;
			shellScript = "diff \"${PODS_PODFILE_DIR_PATH}/Podfile.lock\" \"${PODS_ROOT}/Manifest.lock\" > /dev/null\nif [ $? != 0 ] ; then\n    # print error to STDERR\n    echo \"error: The sandbox is not in sync with the Podfile.lock. Run 'pod install' or update your CocoaPods installation.\" >&2\n    exit 1\nfi\n# This output is used by Xcode 'outputs' to avoid re-running this script phase.\necho \"SUCCESS\" > \"${SCRIPT_OUTPUT_FILE_0}\"\n";
			showEnvVarsInLog = 0;
		};
		9880E21E97E8F3A6562A740B /* [CP] Check Pods Manifest.lock */ = {
			isa = PBXShellScriptBuildPhase;
			buildActionMask = 2147483647;
			files = (
			);
			inputFileListPaths = (
			);
			inputPaths = (
				"${PODS_PODFILE_DIR_PATH}/Podfile.lock",
				"${PODS_ROOT}/Manifest.lock",
			);
			name = "[CP] Check Pods Manifest.lock";
			outputFileListPaths = (
			);
			outputPaths = (
				"$(DERIVED_FILE_DIR)/Pods-RoommatchTests-checkManifestLockResult.txt",
			);
			runOnlyForDeploymentPostprocessing = 0;
			shellPath = /bin/sh;
			shellScript = "diff \"${PODS_PODFILE_DIR_PATH}/Podfile.lock\" \"${PODS_ROOT}/Manifest.lock\" > /dev/null\nif [ $? != 0 ] ; then\n    # print error to STDERR\n    echo \"error: The sandbox is not in sync with the Podfile.lock. Run 'pod install' or update your CocoaPods installation.\" >&2\n    exit 1\nfi\n# This output is used by Xcode 'outputs' to avoid re-running this script phase.\necho \"SUCCESS\" > \"${SCRIPT_OUTPUT_FILE_0}\"\n";
			showEnvVarsInLog = 0;
		};
		9E54B4D12CE555F85121951D /* [CP] Embed Pods Frameworks */ = {
			isa = PBXShellScriptBuildPhase;
			buildActionMask = 2147483647;
			files = (
			);
			inputFileListPaths = (
				"${PODS_ROOT}/Target Support Files/Pods-Roommatch/Pods-Roommatch-frameworks-${CONFIGURATION}-input-files.xcfilelist",
			);
			name = "[CP] Embed Pods Frameworks";
			outputFileListPaths = (
				"${PODS_ROOT}/Target Support Files/Pods-Roommatch/Pods-Roommatch-frameworks-${CONFIGURATION}-output-files.xcfilelist",
			);
			runOnlyForDeploymentPostprocessing = 0;
			shellPath = /bin/sh;
			shellScript = "\"${PODS_ROOT}/Target Support Files/Pods-Roommatch/Pods-Roommatch-frameworks.sh\"\n";
			showEnvVarsInLog = 0;
		};
/* End PBXShellScriptBuildPhase section */

/* Begin PBXSourcesBuildPhase section */
		D8A9E3502874C1F4000ACF9A /* Sources */ = {
			isa = PBXSourcesBuildPhase;
			buildActionMask = 2147483647;
			files = (
				D801C5D9287765F400F3A5FC /* User.m in Sources */,
				D8A9E3592874C1F4000ACF9A /* AppDelegate.m in Sources */,
				D8A9E36A2874C1F5000ACF9A /* main.m in Sources */,
				D8838B4A28873AAE00C72808 /* RequestsViewController.m in Sources */,
				D8838B73288F551500C72808 /* Chat.m in Sources */,
				D8958F2A289AF75C0078C0A7 /* SearchFilters.m in Sources */,
				D8838B792890862B00C72808 /* MessagesViewController.m in Sources */,
				D8838B50288749A900C72808 /* MatchesViewController.m in Sources */,
				D8838B532887661B00C72808 /* ChatCell.m in Sources */,
				D88C85302878C542009533BB /* CreateProfileViewController.m in Sources */,
				D8838B56288780DE00C72808 /* TheirProfileDetailsViewController.m in Sources */,
				D8838B76288F552000C72808 /* Message.m in Sources */,
				D8838B6C288B22F300C72808 /* ConfettiAnimation.swift in Sources */,
				D8EE169C2880CC950068FD1B /* LocationViewController.m in Sources */,
				D8958F242899E2910078C0A7 /* SearchMessageCell.m in Sources */,
				D8A9E35C2874C1F4000ACF9A /* SceneDelegate.m in Sources */,
				D8838B982893328800C72808 /* ReceiveMessageCell.m in Sources */,
				D8A9E39528774B1D000ACF9A /* LoginViewController.m in Sources */,
				D8EE16B028861F050068FD1B /* DiscoverViewController.m in Sources */,
				D8958F27289AEA5E0078C0A7 /* SearchMessagesFiltersViewController.m in Sources */,
				D8838B8F289331F100C72808 /* SendMessageCell.m in Sources */,
				D8EE16AD28861E990068FD1B /* RequestCell.m in Sources */,
				D88C85362878F6A4009533BB /* ViewMyProfileViewController.m in Sources */,
				D8838B5C2889D19100C72808 /* SwipeView.m in Sources */,
				D8D706E428985C830057A795 /* PreferencesViewController.m in Sources */,
				D8EE16A02880D4CE0068FD1B /* CityTableViewCell.m in Sources */,
				D88C85332878D2DA009533BB /* Utils.m in Sources */,
			);
			runOnlyForDeploymentPostprocessing = 0;
		};
		D8A9E36B2874C1F6000ACF9A /* Sources */ = {
			isa = PBXSourcesBuildPhase;
			buildActionMask = 2147483647;
			files = (
				D8A9E3742874C1F6000ACF9A /* RoommatchTests.m in Sources */,
			);
			runOnlyForDeploymentPostprocessing = 0;
		};
		D8A9E3752874C1F6000ACF9A /* Sources */ = {
			isa = PBXSourcesBuildPhase;
			buildActionMask = 2147483647;
			files = (
				D8A9E37E2874C1F6000ACF9A /* RoommatchUITests.m in Sources */,
				D8A9E3802874C1F6000ACF9A /* RoommatchUITestsLaunchTests.m in Sources */,
			);
			runOnlyForDeploymentPostprocessing = 0;
		};
/* End PBXSourcesBuildPhase section */

/* Begin PBXTargetDependency section */
		D8A9E3712874C1F6000ACF9A /* PBXTargetDependency */ = {
			isa = PBXTargetDependency;
			target = D8A9E3532874C1F4000ACF9A /* Roommatch */;
			targetProxy = D8A9E3702874C1F6000ACF9A /* PBXContainerItemProxy */;
		};
		D8A9E37B2874C1F6000ACF9A /* PBXTargetDependency */ = {
			isa = PBXTargetDependency;
			target = D8A9E3532874C1F4000ACF9A /* Roommatch */;
			targetProxy = D8A9E37A2874C1F6000ACF9A /* PBXContainerItemProxy */;
		};
/* End PBXTargetDependency section */

/* Begin PBXVariantGroup section */
		D8A9E3602874C1F4000ACF9A /* Main.storyboard */ = {
			isa = PBXVariantGroup;
			children = (
				D8A9E3612874C1F4000ACF9A /* Base */,
			);
			name = Main.storyboard;
			sourceTree = "<group>";
		};
		D8A9E3652874C1F5000ACF9A /* LaunchScreen.storyboard */ = {
			isa = PBXVariantGroup;
			children = (
				D8A9E3662874C1F5000ACF9A /* Base */,
			);
			name = LaunchScreen.storyboard;
			sourceTree = "<group>";
		};
/* End PBXVariantGroup section */

/* Begin XCBuildConfiguration section */
		D8A9E3812874C1F6000ACF9A /* Debug */ = {
			isa = XCBuildConfiguration;
			buildSettings = {
				ALWAYS_SEARCH_USER_PATHS = NO;
				CLANG_ANALYZER_NONNULL = YES;
				CLANG_ANALYZER_NUMBER_OBJECT_CONVERSION = YES_AGGRESSIVE;
				CLANG_CXX_LANGUAGE_STANDARD = "gnu++17";
				CLANG_ENABLE_MODULES = YES;
				CLANG_ENABLE_OBJC_ARC = YES;
				CLANG_ENABLE_OBJC_WEAK = YES;
				CLANG_WARN_BLOCK_CAPTURE_AUTORELEASING = YES;
				CLANG_WARN_BOOL_CONVERSION = YES;
				CLANG_WARN_COMMA = YES;
				CLANG_WARN_CONSTANT_CONVERSION = YES;
				CLANG_WARN_DEPRECATED_OBJC_IMPLEMENTATIONS = YES;
				CLANG_WARN_DIRECT_OBJC_ISA_USAGE = YES_ERROR;
				CLANG_WARN_DOCUMENTATION_COMMENTS = YES;
				CLANG_WARN_EMPTY_BODY = YES;
				CLANG_WARN_ENUM_CONVERSION = YES;
				CLANG_WARN_INFINITE_RECURSION = YES;
				CLANG_WARN_INT_CONVERSION = YES;
				CLANG_WARN_NON_LITERAL_NULL_CONVERSION = YES;
				CLANG_WARN_OBJC_IMPLICIT_RETAIN_SELF = YES;
				CLANG_WARN_OBJC_LITERAL_CONVERSION = YES;
				CLANG_WARN_OBJC_ROOT_CLASS = YES_ERROR;
				CLANG_WARN_QUOTED_INCLUDE_IN_FRAMEWORK_HEADER = YES;
				CLANG_WARN_RANGE_LOOP_ANALYSIS = YES;
				CLANG_WARN_STRICT_PROTOTYPES = YES;
				CLANG_WARN_SUSPICIOUS_MOVE = YES;
				CLANG_WARN_UNGUARDED_AVAILABILITY = YES_AGGRESSIVE;
				CLANG_WARN_UNREACHABLE_CODE = YES;
				CLANG_WARN__DUPLICATE_METHOD_MATCH = YES;
				COPY_PHASE_STRIP = NO;
				DEBUG_INFORMATION_FORMAT = dwarf;
				ENABLE_STRICT_OBJC_MSGSEND = YES;
				ENABLE_TESTABILITY = YES;
				GCC_C_LANGUAGE_STANDARD = gnu11;
				GCC_DYNAMIC_NO_PIC = NO;
				GCC_NO_COMMON_BLOCKS = YES;
				GCC_OPTIMIZATION_LEVEL = 0;
				GCC_PREPROCESSOR_DEFINITIONS = (
					"DEBUG=1",
					"$(inherited)",
				);
				GCC_WARN_64_TO_32_BIT_CONVERSION = YES;
				GCC_WARN_ABOUT_RETURN_TYPE = YES_ERROR;
				GCC_WARN_UNDECLARED_SELECTOR = YES;
				GCC_WARN_UNINITIALIZED_AUTOS = YES_AGGRESSIVE;
				GCC_WARN_UNUSED_FUNCTION = YES;
				GCC_WARN_UNUSED_VARIABLE = YES;
				IPHONEOS_DEPLOYMENT_TARGET = 15.5;
				MTL_ENABLE_DEBUG_INFO = INCLUDE_SOURCE;
				MTL_FAST_MATH = YES;
				ONLY_ACTIVE_ARCH = YES;
				SDKROOT = iphoneos;
			};
			name = Debug;
		};
		D8A9E3822874C1F6000ACF9A /* Release */ = {
			isa = XCBuildConfiguration;
			buildSettings = {
				ALWAYS_SEARCH_USER_PATHS = NO;
				CLANG_ANALYZER_NONNULL = YES;
				CLANG_ANALYZER_NUMBER_OBJECT_CONVERSION = YES_AGGRESSIVE;
				CLANG_CXX_LANGUAGE_STANDARD = "gnu++17";
				CLANG_ENABLE_MODULES = YES;
				CLANG_ENABLE_OBJC_ARC = YES;
				CLANG_ENABLE_OBJC_WEAK = YES;
				CLANG_WARN_BLOCK_CAPTURE_AUTORELEASING = YES;
				CLANG_WARN_BOOL_CONVERSION = YES;
				CLANG_WARN_COMMA = YES;
				CLANG_WARN_CONSTANT_CONVERSION = YES;
				CLANG_WARN_DEPRECATED_OBJC_IMPLEMENTATIONS = YES;
				CLANG_WARN_DIRECT_OBJC_ISA_USAGE = YES_ERROR;
				CLANG_WARN_DOCUMENTATION_COMMENTS = YES;
				CLANG_WARN_EMPTY_BODY = YES;
				CLANG_WARN_ENUM_CONVERSION = YES;
				CLANG_WARN_INFINITE_RECURSION = YES;
				CLANG_WARN_INT_CONVERSION = YES;
				CLANG_WARN_NON_LITERAL_NULL_CONVERSION = YES;
				CLANG_WARN_OBJC_IMPLICIT_RETAIN_SELF = YES;
				CLANG_WARN_OBJC_LITERAL_CONVERSION = YES;
				CLANG_WARN_OBJC_ROOT_CLASS = YES_ERROR;
				CLANG_WARN_QUOTED_INCLUDE_IN_FRAMEWORK_HEADER = YES;
				CLANG_WARN_RANGE_LOOP_ANALYSIS = YES;
				CLANG_WARN_STRICT_PROTOTYPES = YES;
				CLANG_WARN_SUSPICIOUS_MOVE = YES;
				CLANG_WARN_UNGUARDED_AVAILABILITY = YES_AGGRESSIVE;
				CLANG_WARN_UNREACHABLE_CODE = YES;
				CLANG_WARN__DUPLICATE_METHOD_MATCH = YES;
				COPY_PHASE_STRIP = NO;
				DEBUG_INFORMATION_FORMAT = "dwarf-with-dsym";
				ENABLE_NS_ASSERTIONS = NO;
				ENABLE_STRICT_OBJC_MSGSEND = YES;
				GCC_C_LANGUAGE_STANDARD = gnu11;
				GCC_NO_COMMON_BLOCKS = YES;
				GCC_WARN_64_TO_32_BIT_CONVERSION = YES;
				GCC_WARN_ABOUT_RETURN_TYPE = YES_ERROR;
				GCC_WARN_UNDECLARED_SELECTOR = YES;
				GCC_WARN_UNINITIALIZED_AUTOS = YES_AGGRESSIVE;
				GCC_WARN_UNUSED_FUNCTION = YES;
				GCC_WARN_UNUSED_VARIABLE = YES;
				IPHONEOS_DEPLOYMENT_TARGET = 15.5;
				MTL_ENABLE_DEBUG_INFO = NO;
				MTL_FAST_MATH = YES;
				SDKROOT = iphoneos;
				VALIDATE_PRODUCT = YES;
			};
			name = Release;
		};
		D8A9E3842874C1F6000ACF9A /* Debug */ = {
			isa = XCBuildConfiguration;
			baseConfigurationReference = 147571599F43B17F986BB84D /* Pods-Roommatch.debug.xcconfig */;
			buildSettings = {
				ASSETCATALOG_COMPILER_APPICON_NAME = AppIcon;
				ASSETCATALOG_COMPILER_GLOBAL_ACCENT_COLOR_NAME = AccentColor;
				CLANG_ENABLE_MODULES = YES;
				CODE_SIGN_STYLE = Automatic;
				CURRENT_PROJECT_VERSION = 1;
				DEFINES_MODULE = YES;
				DEVELOPMENT_TEAM = QHGU34F67Y;
				EXCLUDED_ARCHS = "";
				GENERATE_INFOPLIST_FILE = YES;
				INFOPLIST_FILE = Roommatch/Info.plist;
				INFOPLIST_KEY_UIApplicationSupportsIndirectInputEvents = YES;
				INFOPLIST_KEY_UILaunchStoryboardName = LaunchScreen;
				INFOPLIST_KEY_UIMainStoryboardFile = Main;
				INFOPLIST_KEY_UISupportedInterfaceOrientations_iPad = "UIInterfaceOrientationPortrait UIInterfaceOrientationPortraitUpsideDown UIInterfaceOrientationLandscapeLeft UIInterfaceOrientationLandscapeRight";
				INFOPLIST_KEY_UISupportedInterfaceOrientations_iPhone = "UIInterfaceOrientationPortrait UIInterfaceOrientationLandscapeLeft UIInterfaceOrientationLandscapeRight";
				LD_RUNPATH_SEARCH_PATHS = (
					"$(inherited)",
					"@executable_path/Frameworks",
				);
				MARKETING_VERSION = 1.0;
				PRODUCT_BUNDLE_IDENTIFIER = com.lilyyang.Roommatch;
				PRODUCT_NAME = "$(TARGET_NAME)";
				SWIFT_EMIT_LOC_STRINGS = YES;
				SWIFT_OBJC_BRIDGING_HEADER = "Roommatch/Roommatch-Bridging-Header.h";
				SWIFT_OPTIMIZATION_LEVEL = "-Onone";
				SWIFT_VERSION = 5.0;
				TARGETED_DEVICE_FAMILY = "1,2";
			};
			name = Debug;
		};
		D8A9E3852874C1F6000ACF9A /* Release */ = {
			isa = XCBuildConfiguration;
			baseConfigurationReference = 1778E9066BA31B2DF0F411FD /* Pods-Roommatch.release.xcconfig */;
			buildSettings = {
				ASSETCATALOG_COMPILER_APPICON_NAME = AppIcon;
				ASSETCATALOG_COMPILER_GLOBAL_ACCENT_COLOR_NAME = AccentColor;
				CLANG_ENABLE_MODULES = YES;
				CODE_SIGN_STYLE = Automatic;
				CURRENT_PROJECT_VERSION = 1;
				DEFINES_MODULE = YES;
				DEVELOPMENT_TEAM = QHGU34F67Y;
				EXCLUDED_ARCHS = "";
				GENERATE_INFOPLIST_FILE = YES;
				INFOPLIST_FILE = Roommatch/Info.plist;
				INFOPLIST_KEY_UIApplicationSupportsIndirectInputEvents = YES;
				INFOPLIST_KEY_UILaunchStoryboardName = LaunchScreen;
				INFOPLIST_KEY_UIMainStoryboardFile = Main;
				INFOPLIST_KEY_UISupportedInterfaceOrientations_iPad = "UIInterfaceOrientationPortrait UIInterfaceOrientationPortraitUpsideDown UIInterfaceOrientationLandscapeLeft UIInterfaceOrientationLandscapeRight";
				INFOPLIST_KEY_UISupportedInterfaceOrientations_iPhone = "UIInterfaceOrientationPortrait UIInterfaceOrientationLandscapeLeft UIInterfaceOrientationLandscapeRight";
				LD_RUNPATH_SEARCH_PATHS = (
					"$(inherited)",
					"@executable_path/Frameworks",
				);
				MARKETING_VERSION = 1.0;
				PRODUCT_BUNDLE_IDENTIFIER = com.lilyyang.Roommatch;
				PRODUCT_NAME = "$(TARGET_NAME)";
				SWIFT_EMIT_LOC_STRINGS = YES;
				SWIFT_OBJC_BRIDGING_HEADER = "Roommatch/Roommatch-Bridging-Header.h";
				SWIFT_VERSION = 5.0;
				TARGETED_DEVICE_FAMILY = "1,2";
			};
			name = Release;
		};
		D8A9E3872874C1F6000ACF9A /* Debug */ = {
			isa = XCBuildConfiguration;
			baseConfigurationReference = 1BFC4C11AF92636A2CA74AFE /* Pods-RoommatchTests.debug.xcconfig */;
			buildSettings = {
				ALWAYS_EMBED_SWIFT_STANDARD_LIBRARIES = YES;
				BUNDLE_LOADER = "$(TEST_HOST)";
				CODE_SIGN_STYLE = Automatic;
				CURRENT_PROJECT_VERSION = 1;
				DEVELOPMENT_TEAM = QHGU34F67Y;
				GENERATE_INFOPLIST_FILE = YES;
				IPHONEOS_DEPLOYMENT_TARGET = 15.5;
				MARKETING_VERSION = 1.0;
				PRODUCT_BUNDLE_IDENTIFIER = com.lilyyang.RoommatchTests;
				PRODUCT_NAME = "$(TARGET_NAME)";
				SWIFT_EMIT_LOC_STRINGS = NO;
				TARGETED_DEVICE_FAMILY = "1,2";
				TEST_HOST = "$(BUILT_PRODUCTS_DIR)/Roommatch.app/Roommatch";
			};
			name = Debug;
		};
		D8A9E3882874C1F6000ACF9A /* Release */ = {
			isa = XCBuildConfiguration;
			baseConfigurationReference = A087A8CCFD1CFDE66FB90825 /* Pods-RoommatchTests.release.xcconfig */;
			buildSettings = {
				ALWAYS_EMBED_SWIFT_STANDARD_LIBRARIES = YES;
				BUNDLE_LOADER = "$(TEST_HOST)";
				CODE_SIGN_STYLE = Automatic;
				CURRENT_PROJECT_VERSION = 1;
				DEVELOPMENT_TEAM = QHGU34F67Y;
				GENERATE_INFOPLIST_FILE = YES;
				IPHONEOS_DEPLOYMENT_TARGET = 15.5;
				MARKETING_VERSION = 1.0;
				PRODUCT_BUNDLE_IDENTIFIER = com.lilyyang.RoommatchTests;
				PRODUCT_NAME = "$(TARGET_NAME)";
				SWIFT_EMIT_LOC_STRINGS = NO;
				TARGETED_DEVICE_FAMILY = "1,2";
				TEST_HOST = "$(BUILT_PRODUCTS_DIR)/Roommatch.app/Roommatch";
			};
			name = Release;
		};
		D8A9E38A2874C1F6000ACF9A /* Debug */ = {
			isa = XCBuildConfiguration;
			baseConfigurationReference = 047F3A4AB297C830E321D268 /* Pods-Roommatch-RoommatchUITests.debug.xcconfig */;
			buildSettings = {
				ALWAYS_EMBED_SWIFT_STANDARD_LIBRARIES = YES;
				CODE_SIGN_STYLE = Automatic;
				CURRENT_PROJECT_VERSION = 1;
				DEVELOPMENT_TEAM = QHGU34F67Y;
				GENERATE_INFOPLIST_FILE = YES;
				MARKETING_VERSION = 1.0;
				PRODUCT_BUNDLE_IDENTIFIER = com.lilyyang.RoommatchUITests;
				PRODUCT_NAME = "$(TARGET_NAME)";
				SWIFT_EMIT_LOC_STRINGS = NO;
				TARGETED_DEVICE_FAMILY = "1,2";
				TEST_TARGET_NAME = Roommatch;
			};
			name = Debug;
		};
		D8A9E38B2874C1F6000ACF9A /* Release */ = {
			isa = XCBuildConfiguration;
			baseConfigurationReference = D8F76225BF4577336C4B9511 /* Pods-Roommatch-RoommatchUITests.release.xcconfig */;
			buildSettings = {
				ALWAYS_EMBED_SWIFT_STANDARD_LIBRARIES = YES;
				CODE_SIGN_STYLE = Automatic;
				CURRENT_PROJECT_VERSION = 1;
				DEVELOPMENT_TEAM = QHGU34F67Y;
				GENERATE_INFOPLIST_FILE = YES;
				MARKETING_VERSION = 1.0;
				PRODUCT_BUNDLE_IDENTIFIER = com.lilyyang.RoommatchUITests;
				PRODUCT_NAME = "$(TARGET_NAME)";
				SWIFT_EMIT_LOC_STRINGS = NO;
				TARGETED_DEVICE_FAMILY = "1,2";
				TEST_TARGET_NAME = Roommatch;
			};
			name = Release;
		};
/* End XCBuildConfiguration section */

/* Begin XCConfigurationList section */
		D8A9E34F2874C1F4000ACF9A /* Build configuration list for PBXProject "Roommatch" */ = {
			isa = XCConfigurationList;
			buildConfigurations = (
				D8A9E3812874C1F6000ACF9A /* Debug */,
				D8A9E3822874C1F6000ACF9A /* Release */,
			);
			defaultConfigurationIsVisible = 0;
			defaultConfigurationName = Release;
		};
		D8A9E3832874C1F6000ACF9A /* Build configuration list for PBXNativeTarget "Roommatch" */ = {
			isa = XCConfigurationList;
			buildConfigurations = (
				D8A9E3842874C1F6000ACF9A /* Debug */,
				D8A9E3852874C1F6000ACF9A /* Release */,
			);
			defaultConfigurationIsVisible = 0;
			defaultConfigurationName = Release;
		};
		D8A9E3862874C1F6000ACF9A /* Build configuration list for PBXNativeTarget "RoommatchTests" */ = {
			isa = XCConfigurationList;
			buildConfigurations = (
				D8A9E3872874C1F6000ACF9A /* Debug */,
				D8A9E3882874C1F6000ACF9A /* Release */,
			);
			defaultConfigurationIsVisible = 0;
			defaultConfigurationName = Release;
		};
		D8A9E3892874C1F6000ACF9A /* Build configuration list for PBXNativeTarget "RoommatchUITests" */ = {
			isa = XCConfigurationList;
			buildConfigurations = (
				D8A9E38A2874C1F6000ACF9A /* Debug */,
				D8A9E38B2874C1F6000ACF9A /* Release */,
			);
			defaultConfigurationIsVisible = 0;
			defaultConfigurationName = Release;
		};
/* End XCConfigurationList section */
	};
	rootObject = D8A9E34C2874C1F4000ACF9A /* Project object */;
}
